
Microsoft Visual Studio Solution File, Format Version 12.00
# Visual Studio 15
VisualStudioVersion = 15.0.27428.2037
MinimumVisualStudioVersion = 10.0.40219.1
Project("{9A19103F-16F7-4668-BE54-9A1E7A4F7556}") = "SteamworksSharp", "SteamworksSharp\SteamworksSharp.csproj", "{494F7EA2-2EB2-4C76-B736-B890589D43E0}"
EndProject
Project("{2150E333-8FDC-42A3-9474-1A3956D46DE8}") = "Library", "Library", "{37C05059-BE1E-45F8-A3DA-F557D4BB79AB}"
EndProject
Project("{2150E333-8FDC-42A3-9474-1A3956D46DE8}") = "Example", "Example", "{ED9B852D-9D2E-4A3C-B6DB-0119E8157411}"
EndProject
Project("{9A19103F-16F7-4668-BE54-9A1E7A4F7556}") = "SteamworksSharp.Example", "SteamworksSharp.Example\SteamworksSharp.Example.csproj", "{87679745-6166-42A7-9A28-0738CA08C5A8}"
EndProject
Project("{9A19103F-16F7-4668-BE54-9A1E7A4F7556}") = "SteamworksSharp.Native.Windows_x64", "SteamworksSharp.Native.Windows_x64\SteamworksSharp.Native.Windows_x64.csproj", "{ADB96E56-1544-4760-B2B0-C2C029A0D973}"
EndProject
Project("{9A19103F-16F7-4668-BE54-9A1E7A4F7556}") = "SteamworksSharp.Native.Linux_x64", "SteamworksSharp.Native.Linux_x64\SteamworksSharp.Native.Linux_x64.csproj", "{540F82A6-3CC2-4AAF-96AB-53875EB1319A}"
EndProject
Project("{9A19103F-16F7-4668-BE54-9A1E7A4F7556}") = "SteamworksSharp.Native.Linux_x86", "SteamworksSharp.Native.Linux_x86\SteamworksSharp.Native.Linux_x86.csproj", "{5A0A1510-B827-40A1-9EA7-4AE1D0BD7951}"
EndProject
Project("{9A19103F-16F7-4668-BE54-9A1E7A4F7556}") = "SteamworksSharp.Native.Windows_x86", "SteamworksSharp.Native.Windows_x86\SteamworksSharp.Native.Windows_x86.csproj", "{5D4B73FE-934A-4629-A68F-1E11B0DB4611}"
EndProject
Project("{2150E333-8FDC-42A3-9474-1A3956D46DE8}") = "Solution Items", "Solution Items", "{3F1A6D65-B430-442D-AD5D-5950EDBBD8CF}"
	ProjectSection(SolutionItems) = preProject
		global.json = global.json
	EndProjectSection
EndProject
Project("{9A19103F-16F7-4668-BE54-9A1E7A4F7556}") = "SteamworksSharp.Native", "SteamworksSharp.Native\SteamworksSharp.Native.csproj", "{2381B256-63D9-406F-9A1A-9502BC48D08A}"
EndProject
Global
	GlobalSection(SolutionConfigurationPlatforms) = preSolution
		Debug|Any CPU = Debug|Any CPU
		Debug|x64 = Debug|x64
		Debug|x86 = Debug|x86
		Release|Any CPU = Release|Any CPU
		Release|x64 = Release|x64
		Release|x86 = Release|x86
	EndGlobalSection
	GlobalSection(ProjectConfigurationPlatforms) = postSolution
		{494F7EA2-2EB2-4C76-B736-B890589D43E0}.Debug|Any CPU.ActiveCfg = Debug|x86
		{494F7EA2-2EB2-4C76-B736-B890589D43E0}.Debug|x64.ActiveCfg = Debug|x64
		{494F7EA2-2EB2-4C76-B736-B890589D43E0}.Debug|x64.Build.0 = Debug|x64
		{494F7EA2-2EB2-4C76-B736-B890589D43E0}.Debug|x86.ActiveCfg = Debug|x86
		{494F7EA2-2EB2-4C76-B736-B890589D43E0}.Debug|x86.Build.0 = Debug|x86
		{494F7EA2-2EB2-4C76-B736-B890589D43E0}.Release|Any CPU.ActiveCfg = Release|x86
		{494F7EA2-2EB2-4C76-B736-B890589D43E0}.Release|x64.ActiveCfg = Release|x64
		{494F7EA2-2EB2-4C76-B736-B890589D43E0}.Release|x64.Build.0 = Release|x64
		{494F7EA2-2EB2-4C76-B736-B890589D43E0}.Release|x86.ActiveCfg = Release|x86
		{494F7EA2-2EB2-4C76-B736-B890589D43E0}.Release|x86.Build.0 = Release|x86
		{87679745-6166-42A7-9A28-0738CA08C5A8}.Debug|Any CPU.ActiveCfg = Debug|x64
		{87679745-6166-42A7-9A28-0738CA08C5A8}.Debug|x64.ActiveCfg = Debug|x64
		{87679745-6166-42A7-9A28-0738CA08C5A8}.Debug|x64.Build.0 = Debug|x64
		{87679745-6166-42A7-9A28-0738CA08C5A8}.Debug|x86.ActiveCfg = Debug|x64
		{87679745-6166-42A7-9A28-0738CA08C5A8}.Release|Any CPU.ActiveCfg = Release|x64
		{87679745-6166-42A7-9A28-0738CA08C5A8}.Release|x64.ActiveCfg = Release|x64
		{87679745-6166-42A7-9A28-0738CA08C5A8}.Release|x64.Build.0 = Release|x64
		{87679745-6166-42A7-9A28-0738CA08C5A8}.Release|x86.ActiveCfg = Release|x64
		{ADB96E56-1544-4760-B2B0-C2C029A0D973}.Debug|Any CPU.ActiveCfg = Debug|Any CPU
		{ADB96E56-1544-4760-B2B0-C2C029A0D973}.Debug|Any CPU.Build.0 = Debug|Any CPU
		{ADB96E56-1544-4760-B2B0-C2C029A0D973}.Debug|x64.ActiveCfg = Debug|Any CPU
		{ADB96E56-1544-4760-B2B0-C2C029A0D973}.Debug|x64.Build.0 = Debug|Any CPU
		{ADB96E56-1544-4760-B2B0-C2C029A0D973}.Debug|x86.ActiveCfg = Debug|Any CPU
		{ADB96E56-1544-4760-B2B0-C2C029A0D973}.Debug|x86.Build.0 = Debug|Any CPU
		{ADB96E56-1544-4760-B2B0-C2C029A0D973}.Release|Any CPU.ActiveCfg = Release|Any CPU
		{ADB96E56-1544-4760-B2B0-C2C029A0D973}.Release|Any CPU.Build.0 = Release|Any CPU
		{ADB96E56-1544-4760-B2B0-C2C029A0D973}.Release|x64.ActiveCfg = Release|Any CPU
		{ADB96E56-1544-4760-B2B0-C2C029A0D973}.Release|x64.Build.0 = Release|Any CPU
		{ADB96E56-1544-4760-B2B0-C2C029A0D973}.Release|x86.ActiveCfg = Release|Any CPU
		{ADB96E56-1544-4760-B2B0-C2C029A0D973}.Release|x86.Build.0 = Release|Any CPU
		{540F82A6-3CC2-4AAF-96AB-53875EB1319A}.Debug|Any CPU.ActiveCfg = Debug|Any CPU
		{540F82A6-3CC2-4AAF-96AB-53875EB1319A}.Debug|Any CPU.Build.0 = Debug|Any CPU
		{540F82A6-3CC2-4AAF-96AB-53875EB1319A}.Debug|x64.ActiveCfg = Debug|Any CPU
		{540F82A6-3CC2-4AAF-96AB-53875EB1319A}.Debug|x64.Build.0 = Debug|Any CPU
		{540F82A6-3CC2-4AAF-96AB-53875EB1319A}.Debug|x86.ActiveCfg = Debug|Any CPU
		{540F82A6-3CC2-4AAF-96AB-53875EB1319A}.Debug|x86.Build.0 = Debug|Any CPU
		{540F82A6-3CC2-4AAF-96AB-53875EB1319A}.Release|Any CPU.ActiveCfg = Release|Any CPU
		{540F82A6-3CC2-4AAF-96AB-53875EB1319A}.Release|Any CPU.Build.0 = Release|Any CPU
		{540F82A6-3CC2-4AAF-96AB-53875EB1319A}.Release|x64.ActiveCfg = Release|Any CPU
		{540F82A6-3CC2-4AAF-96AB-53875EB1319A}.Release|x64.Build.0 = Release|Any CPU
		{540F82A6-3CC2-4AAF-96AB-53875EB1319A}.Release|x86.ActiveCfg = Release|Any CPU
		{540F82A6-3CC2-4AAF-96AB-53875EB1319A}.Release|x86.Build.0 = Release|Any CPU
		{5A0A1510-B827-40A1-9EA7-4AE1D0BD7951}.Debug|Any CPU.ActiveCfg = Debug|Any CPU
		{5A0A1510-B827-40A1-9EA7-4AE1D0BD7951}.Debug|Any CPU.Build.0 = Debug|Any CPU
		{5A0A1510-B827-40A1-9EA7-4AE1D0BD7951}.Debug|x64.ActiveCfg = Debug|Any CPU
		{5A0A1510-B827-40A1-9EA7-4AE1D0BD7951}.Debug|x64.Build.0 = Debug|Any CPU
		{5A0A1510-B827-40A1-9EA7-4AE1D0BD7951}.Debug|x86.ActiveCfg = Debug|Any CPU
		{5A0A1510-B827-40A1-9EA7-4AE1D0BD7951}.Debug|x86.Build.0 = Debug|Any CPU
		{5A0A1510-B827-40A1-9EA7-4AE1D0BD7951}.Release|Any CPU.ActiveCfg = Release|Any CPU
		{5A0A1510-B827-40A1-9EA7-4AE1D0BD7951}.Release|Any CPU.Build.0 = Release|Any CPU
		{5A0A1510-B827-40A1-9EA7-4AE1D0BD7951}.Release|x64.ActiveCfg = Release|Any CPU
		{5A0A1510-B827-40A1-9EA7-4AE1D0BD7951}.Release|x64.Build.0 = Release|Any CPU
		{5A0A1510-B827-40A1-9EA7-4AE1D0BD7951}.Release|x86.ActiveCfg = Release|Any CPU
		{5A0A1510-B827-40A1-9EA7-4AE1D0BD7951}.Release|x86.Build.0 = Release|Any CPU
		{5D4B73FE-934A-4629-A68F-1E11B0DB4611}.Debug|Any CPU.ActiveCfg = Debug|Any CPU
		{5D4B73FE-934A-4629-A68F-1E11B0DB4611}.Debug|Any CPU.Build.0 = Debug|Any CPU
		{5D4B73FE-934A-4629-A68F-1E11B0DB4611}.Debug|x64.ActiveCfg = Debug|Any CPU
		{5D4B73FE-934A-4629-A68F-1E11B0DB4611}.Debug|x64.Build.0 = Debug|Any CPU
		{5D4B73FE-934A-4629-A68F-1E11B0DB4611}.Debug|x86.ActiveCfg = Debug|Any CPU
		{5D4B73FE-934A-4629-A68F-1E11B0DB4611}.Debug|x86.Build.0 = Debug|Any CPU
		{5D4B73FE-934A-4629-A68F-1E11B0DB4611}.Release|Any CPU.ActiveCfg = Release|Any CPU
		{5D4B73FE-934A-4629-A68F-1E11B0DB4611}.Release|Any CPU.Build.0 = Release|Any CPU
		{5D4B73FE-934A-4629-A68F-1E11B0DB4611}.Release|x64.ActiveCfg = Release|Any CPU
		{5D4B73FE-934A-4629-A68F-1E11B0DB4611}.Release|x64.Build.0 = Release|Any CPU
		{5D4B73FE-934A-4629-A68F-1E11B0DB4611}.Release|x86.ActiveCfg = Release|Any CPU
		{5D4B73FE-934A-4629-A68F-1E11B0DB4611}.Release|x86.Build.0 = Release|Any CPU
		{2381B256-63D9-406F-9A1A-9502BC48D08A}.Debug|Any CPU.ActiveCfg = Debug|Any CPU
		{2381B256-63D9-406F-9A1A-9502BC48D08A}.Debug|Any CPU.Build.0 = Debug|Any CPU
		{2381B256-63D9-406F-9A1A-9502BC48D08A}.Debug|x64.ActiveCfg = Debug|Any CPU
		{2381B256-63D9-406F-9A1A-9502BC48D08A}.Debug|x64.Build.0 = Debug|Any CPU
		{2381B256-63D9-406F-9A1A-9502BC48D08A}.Debug|x86.ActiveCfg = Debug|Any CPU
		{2381B256-63D9-406F-9A1A-9502BC48D08A}.Debug|x86.Build.0 = Debug|Any CPU
		{2381B256-63D9-406F-9A1A-9502BC48D08A}.Release|Any CPU.ActiveCfg = Release|Any CPU
		{2381B256-63D9-406F-9A1A-9502BC48D08A}.Release|Any CPU.Build.0 = Release|Any CPU
		{2381B256-63D9-406F-9A1A-9502BC48D08A}.Release|x64.ActiveCfg = Release|Any CPU
		{2381B256-63D9-406F-9A1A-9502BC48D08A}.Release|x64.Build.0 = Release|Any CPU
		{2381B256-63D9-406F-9A1A-9502BC48D08A}.Release|x86.ActiveCfg = Release|Any CPU
		{2381B256-63D9-406F-9A1A-9502BC48D08A}.Release|x86.Build.0 = Release|Any CPU
	EndGlobalSection
	GlobalSection(SolutionProperties) = preSolution
		HideSolutionNode = FALSE
	EndGlobalSection
	GlobalSection(NestedProjects) = preSolution
		{494F7EA2-2EB2-4C76-B736-B890589D43E0} = {37C05059-BE1E-45F8-A3DA-F557D4BB79AB}
		{87679745-6166-42A7-9A28-0738CA08C5A8} = {ED9B852D-9D2E-4A3C-B6DB-0119E8157411}
		{ADB96E56-1544-4760-B2B0-C2C029A0D973} = {37C05059-BE1E-45F8-A3DA-F557D4BB79AB}
		{540F82A6-3CC2-4AAF-96AB-53875EB1319A} = {37C05059-BE1E-45F8-A3DA-F557D4BB79AB}
		{5A0A1510-B827-40A1-9EA7-4AE1D0BD7951} = {37C05059-BE1E-45F8-A3DA-F557D4BB79AB}
		{5D4B73FE-934A-4629-A68F-1E11B0DB4611} = {37C05059-BE1E-45F8-A3DA-F557D4BB79AB}
		{2381B256-63D9-406F-9A1A-9502BC48D08A} = {37C05059-BE1E-45F8-A3DA-F557D4BB79AB}
	EndGlobalSection
	GlobalSection(ExtensibilityGlobals) = postSolution
		SolutionGuid = {E186A343-DDB4-4E06-BEC6-2746E10DB828}
	EndGlobalSection
EndGlobal
